
Microsoft Visual Studio Solution File, Format Version 12.00
# Visual Studio Version 17
VisualStudioVersion = 17.11.35222.181
MinimumVisualStudioVersion = 10.0.40219.1
Project("{FAE04EC0-301F-11D3-BF4B-00C04F79EFBC}") = "UsersManagementAPI", "UsersManagementAPI\UsersManagementAPI.csproj", "{875F12FB-016A-49BC-B77B-6DD59BE8BA93}"
EndProject
Global
	GlobalSection(SolutionConfigurationPlatforms) = preSolution
		Debug|Any CPU = Debug|Any CPU
		Release|Any CPU = Release|Any CPU
	EndGlobalSection
	GlobalSection(ProjectConfigurationPlatforms) = postSolution
		{875F12FB-016A-49BC-B77B-6DD59BE8BA93}.Debug|Any CPU.ActiveCfg = Debug|Any CPU
		{875F12FB-016A-49BC-B77B-6DD59BE8BA93}.Debug|Any CPU.Build.0 = Debug|Any CPU
		{875F12FB-016A-49BC-B77B-6DD59BE8BA93}.Release|Any CPU.ActiveCfg = Release|Any CPU
		{875F12FB-016A-49BC-B77B-6DD59BE8BA93}.Release|Any CPU.Build.0 = Release|Any CPU
	EndGlobalSection
	GlobalSection(SolutionProperties) = preSolution
		HideSolutionNode = FALSE
	EndGlobalSection
	GlobalSection(ExtensibilityGlobals) = postSolution
		SolutionGuid = {D7EEFAB8-4D6F-41ED-ACA4-1232AFAD386C}
	EndGlobalSection
EndGlobal
